Microsoft Visual Studio Solution File, Format Version 12.00
# Visual Studio Version 17
VisualStudioVersion = 17.5.2.0
MinimumVisualStudioVersion = 10.0.40219.1
Project("{FAE04EC0-301F-11D3-BF4B-00C04F79EFBC}") = "practice_program 1", "practice_program 1\practice_program 1.csproj", "{C3DDE60A-66E7-BACF-ECCD-D5D01B368307}"
EndProject
Global
	GlobalSection(SolutionConfigurationPlatforms) = preSolution
		Debug|Any CPU = Debug|Any CPU
		Release|Any CPU = Release|Any CPU
	EndGlobalSection
	GlobalSection(ProjectConfigurationPlatforms) = postSolution
		{C3DDE60A-66E7-BACF-ECCD-D5D01B368307}.Debug|Any CPU.ActiveCfg = Debug|Any CPU
		{C3DDE60A-66E7-BACF-ECCD-D5D01B368307}.Debug|Any CPU.Build.0 = Debug|Any CPU
		{C3DDE60A-66E7-BACF-ECCD-D5D01B368307}.Release|Any CPU.ActiveCfg = Release|Any CPU
		{C3DDE60A-66E7-BACF-ECCD-D5D01B368307}.Release|Any CPU.Build.0 = Release|Any CPU
	EndGlobalSection
	GlobalSection(SolutionProperties) = preSolution
		HideSolutionNode = FALSE
	EndGlobalSection
	GlobalSection(ExtensibilityGlobals) = postSolution
		SolutionGuid = {D2E1780E-4DBD-42D7-81A9-14797BA1FD99}
	EndGlobalSection
EndGlobal
